<?xml version="1.0" encoding="utf-8"?>
<Project ToolsVersion="4.0" xmlns="http://schemas.microsoft.com/developer/msbuild/2003">
  <ItemGroup>
    <Filter Include="Source Files">
      <UniqueIdentifier>{4FC737F1-C7A5-4376-A066-2A32D752A2FF}</UniqueIdentifier>
      <Extensions>cpp;c;cc;cxx;c++;cppm;ixx;def;odl;idl;hpj;bat;asm;asmx</Extensions>
    </Filter>
    <Filter Include="Header Files">
      <UniqueIdentifier>{93995380-89BD-4b04-88EB-625FBE52EBFB}</UniqueIdentifier>
      <Extensions>h;hh;hpp;hxx;h++;hm;inl;inc;ipp;xsd</Extensions>
    </Filter>
    <Filter Include="Resource Files">
      <UniqueIdentifier>{67DA6AB6-F800-4c08-8B7A-83BB121AAD01}</UniqueIdentifier>
      <Extensions>rc;ico;cur;bmp;dlg;rc2;rct;bin;rgs;gif;jpg;jpeg;jpe;resx;tiff;tif;png;wav;mfcribbon-ms</Extensions>
    </Filter>
    <Filter Include="Resource Files\shaders">
      <UniqueIdentifier>{079ae9d7-eb5d-4358-b2c5-d8fa06e69886}</UniqueIdentifier>
    </Filter>
  </ItemGroup>
  <ItemGroup>
    <ClCompile Include="include\glad.c">
      <Filter>Source Files</Filter>
    </ClCompile>
    <ClCompile Include="src\InitShader.cpp">
      <Filter>Source Files</Filter>
    </ClCompile>
    <ClCompile Include="src\JustAnotherSpaceShooter.cpp">
      <Filter>Source Files</Filter>
    </ClCompile>
    <ClCompile Include="src\LoadMesh.cpp">
      <Filter>Source Files</Filter>
    </ClCompile>
    <ClCompile Include="src\LoadTexture.cpp">
      <Filter>Source Files</Filter>
    </ClCompile>
    <ClCompile Include="include\imgui-1.85\imgui.cpp">
      <Filter>Source Files</Filter>
    </ClCompile>
    <ClCompile Include="include\imgui-1.85\imgui_demo.cpp">
      <Filter>Source Files</Filter>
    </ClCompile>
    <ClCompile Include="include\imgui-1.85\imgui_draw.cpp">
      <Filter>Source Files</Filter>
    </ClCompile>
    <ClCompile Include="include\imgui-1.85\imgui_tables.cpp">
      <Filter>Source Files</Filter>
    </ClCompile>
    <ClCompile Include="include\imgui-1.85\imgui_widgets.cpp">
      <Filter>Source Files</Filter>
    </ClCompile>
    <ClCompile Include="include\imgui-1.85\backends\imgui_impl_glfw.cpp">
      <Filter>Source Files</Filter>
    </ClCompile>
    <ClCompile Include="include\imgui-1.85\backends\imgui_impl_opengl3.cpp">
      <Filter>Source Files</Filter>
    </ClCompile>
    <ClCompile Include="src\InstancedModel.cpp">
      <Filter>Source Files</Filter>
    </ClCompile>
    <ClCompile Include="include\stb_image.cpp">
      <Filter>Source Files</Filter>
    </ClCompile>
    <ClCompile Include="src\Spaceships.cpp">
      <Filter>Source Files</Filter>
    </ClCompile>
  </ItemGroup>
  <ItemGroup>
    <ClInclude Include="src\InitShader.h">
      <Filter>Header Files</Filter>
    </ClInclude>
    <ClInclude Include="src\LoadMesh.h">
      <Filter>Header Files</Filter>
    </ClInclude>
    <ClInclude Include="src\LoadTexture.h">
      <Filter>Header Files</Filter>
    </ClInclude>
    <ClInclude Include="src\InstancedModel.h">
      <Filter>Header Files</Filter>
    </ClInclude>
    <ClInclude Include="src\Spaceships.h">
      <Filter>Header Files</Filter>
    </ClInclude>
  </ItemGroup>
  <ItemGroup>
    <None Include="shaders\spaceship_fs.glsl">
      <Filter>Resource Files\shaders</Filter>
    </None>
    <None Include="shaders\spaceship_vs.glsl">
      <Filter>Resource Files\shaders</Filter>
    </None>
    <None Include="shaders\terrain_fs.glsl">
      <Filter>Resource Files\shaders</Filter>
    </None>
    <None Include="shaders\terrain_vs.glsl">
      <Filter>Resource Files\shaders</Filter>
    </None>
    <None Include="shaders\instanced_model_fs.glsl">
      <Filter>Resource Files\shaders</Filter>
    </None>
    <None Include="shaders\instanced_model_vs.glsl">
      <Filter>Resource Files\shaders</Filter>
    </None>
  </ItemGroup>
</Project>